github.com/a-inacio/rosetta-logger-go v0.0.0-alpha.1 h1:ZVpGh90zxDPHQ17NoHRlg2LAN10C0BZt5ahhijEqJuw=
github.com/a-inacio/rosetta-logger-go v0.0.0-alpha.1/go.mod h1:9ImaC4ResoKL0WIdjitQ7poAXZBa8+FxIb918nlPKhg=
github.com/a-inacio/rosetta-logger-go v0.0.0-alpha.2 h1:6DVqnAuaX/+g7tT7ZdmLLXWgXM4zXy6ppMjfCUAXCAM=
github.com/a-inacio/rosetta-logger-go v0.0.0-alpha.2/go.mod h1:cqPf9WMlb0nnVrYRQ0NnWEmevXttsg5Nd+queI5SsIQ=
go.uber.org/atomic v1.10.0 h1:9qC72Qh0+3MqyJbAn8YU5xVq1frD8bn3JtD2oXtafVQ=
go.uber.org/atomic v1.10.0/go.mod h1:LUxbIzbOniOlMKjJjyPfpl4v+PKK2cNJn91OQbhoJI0=
go.uber.org/multierr v1.9.0 h1:7fIwc/ZtS0q++VgcfqFDxSBZVv/Xo49/SYnDFupUwlI=
go.uber.org/multierr v1.9.0/go.mod h1:X2jQV1h+kxSjClGpnseKVIxpmcjrj7MNnI0bnlfKTVQ=
go.uber.org/zap v1.24.0 h1:FiJd5l1UOLj0wCgbSE0rwwXHzEdAZS6hiiSnxJN/D60=
go.uber.org/zap v1.24.0/go.mod h1:2kMP+WWQ8aoFoedH3T2sq6iJ2yDWpHbP0f6MQbS9Gkg=
