github.com/a-inacio/rosetta-logger-go v0.0.0-alpha.1 h1:ZVpGh90zxDPHQ17NoHRlg2LAN10C0BZt5ahhijEqJuw=
github.com/a-inacio/rosetta-logger-go v0.0.0-alpha.1/go.mod h1:9ImaC4ResoKL0WIdjitQ7poAXZBa8+FxIb918nlPKhg=
github.com/a-inacio/rosetta-logger-go v0.0.0-alpha.2 h1:6DVqnAuaX/+g7tT7ZdmLLXWgXM4zXy6ppMjfCUAXCAM=
github.com/a-inacio/rosetta-logger-go v0.0.0-alpha.2/go.mod h1:cqPf9WMlb0nnVrYRQ0NnWEmevXttsg5Nd+queI5SsIQ=
